
Microsoft Visual Studio Solution File, Format Version 12.00
# Visual Studio 15
VisualStudioVersion = 15.0.26730.12
MinimumVisualStudioVersion = 10.0.40219.1
Project("{FAE04EC0-301F-11D3-BF4B-00C04F79EFBC}") = "Paint", "Paint\Paint.csproj", "{F482D863-2ADB-40BB-BEED-A0BED2F92560}"
EndProject
Project("{FAE04EC0-301F-11D3-BF4B-00C04F79EFBC}") = "PaintTests", "PaintTests\PaintTests.csproj", "{42C1499E-C85A-4204-A37F-AE27D7CA61F4}"
EndProject
Project("{FAE04EC0-301F-11D3-BF4B-00C04F79EFBC}") = "TestFormCreator", "TestFormCreator\TestFormCreator.csproj", "{59D59F62-59C8-4AE4-858D-0830D4C6C32C}"
EndProject
Global
	GlobalSection(SolutionConfigurationPlatforms) = preSolution
		Debug|Any CPU = Debug|Any CPU
		Release|Any CPU = Release|Any CPU
	EndGlobalSection
	GlobalSection(ProjectConfigurationPlatforms) = postSolution
		{F482D863-2ADB-40BB-BEED-A0BED2F92560}.Debug|Any CPU.ActiveCfg = Debug|Any CPU
		{F482D863-2ADB-40BB-BEED-A0BED2F92560}.Debug|Any CPU.Build.0 = Debug|Any CPU
		{F482D863-2ADB-40BB-BEED-A0BED2F92560}.Release|Any CPU.ActiveCfg = Release|Any CPU
		{F482D863-2ADB-40BB-BEED-A0BED2F92560}.Release|Any CPU.Build.0 = Release|Any CPU
		{42C1499E-C85A-4204-A37F-AE27D7CA61F4}.Debug|Any CPU.ActiveCfg = Debug|Any CPU
		{42C1499E-C85A-4204-A37F-AE27D7CA61F4}.Debug|Any CPU.Build.0 = Debug|Any CPU
		{42C1499E-C85A-4204-A37F-AE27D7CA61F4}.Release|Any CPU.ActiveCfg = Release|Any CPU
		{42C1499E-C85A-4204-A37F-AE27D7CA61F4}.Release|Any CPU.Build.0 = Release|Any CPU
		{59D59F62-59C8-4AE4-858D-0830D4C6C32C}.Debug|Any CPU.ActiveCfg = Debug|Any CPU
		{59D59F62-59C8-4AE4-858D-0830D4C6C32C}.Debug|Any CPU.Build.0 = Debug|Any CPU
		{59D59F62-59C8-4AE4-858D-0830D4C6C32C}.Release|Any CPU.ActiveCfg = Release|Any CPU
		{59D59F62-59C8-4AE4-858D-0830D4C6C32C}.Release|Any CPU.Build.0 = Release|Any CPU
	EndGlobalSection
	GlobalSection(SolutionProperties) = preSolution
		HideSolutionNode = FALSE
	EndGlobalSection
	GlobalSection(ExtensibilityGlobals) = postSolution
		SolutionGuid = {B476478A-DC6C-42DC-B77E-3702ABF785C1}
	EndGlobalSection
EndGlobal
