
Microsoft Visual Studio Solution File, Format Version 12.00
# Visual Studio 15
VisualStudioVersion = 15.0.26730.12
MinimumVisualStudioVersion = 10.0.40219.1
Project("{FAE04EC0-301F-11D3-BF4B-00C04F79EFBC}") = "Paint", "Paint\Paint.csproj", "{F482D863-2ADB-40BB-BEED-A0BED2F92560}"
EndProject
Project("{FAE04EC0-301F-11D3-BF4B-00C04F79EFBC}") = "PaintTests", "PaintTests\PaintTests.csproj", "{42C1499E-C85A-4204-A37F-AE27D7CA61F4}"
EndProject
Project("{FAE04EC0-301F-11D3-BF4B-00C04F79EFBC}") = "TestFormCreator", "TestFormCreator\TestFormCreator.csproj", "{59D59F62-59C8-4AE4-858D-0830D4C6C32C}"
EndProject
Project("{FAE04EC0-301F-11D3-BF4B-00C04F79EFBC}") = "SimpleFigure", "Plugins\SimpleFigure\SimpleFigure.csproj", "{5A831C55-8C73-45B5-B859-84D79C1C8B88}"
EndProject
Project("{FAE04EC0-301F-11D3-BF4B-00C04F79EFBC}") = "TextFigure", "Plugins\TextFigure\TextFigure.csproj", "{17D1A277-E504-4400-BD12-83733E4DC4F2}"
EndProject
Project("{2150E333-8FDC-42A3-9474-1A3956D46DE8}") = "Plugins", "Plugins", "{3CB012AE-3A53-475A-ACC7-9DEA7409393C}"
EndProject
Project("{2150E333-8FDC-42A3-9474-1A3956D46DE8}") = "Tests", "Tests", "{9E116278-3E82-405E-9B0E-CAB0BDB54269}"
EndProject
Project("{FAE04EC0-301F-11D3-BF4B-00C04F79EFBC}") = "PluginInterface", "PluginInterface\PluginInterface.csproj", "{1A105665-0115-46BB-B693-54BC39279EC4}"
EndProject
Global
	GlobalSection(SolutionConfigurationPlatforms) = preSolution
		Debug|Any CPU = Debug|Any CPU
		Release|Any CPU = Release|Any CPU
	EndGlobalSection
	GlobalSection(ProjectConfigurationPlatforms) = postSolution
		{F482D863-2ADB-40BB-BEED-A0BED2F92560}.Debug|Any CPU.ActiveCfg = Debug|Any CPU
		{F482D863-2ADB-40BB-BEED-A0BED2F92560}.Debug|Any CPU.Build.0 = Debug|Any CPU
		{F482D863-2ADB-40BB-BEED-A0BED2F92560}.Release|Any CPU.ActiveCfg = Release|Any CPU
		{F482D863-2ADB-40BB-BEED-A0BED2F92560}.Release|Any CPU.Build.0 = Release|Any CPU
		{42C1499E-C85A-4204-A37F-AE27D7CA61F4}.Debug|Any CPU.ActiveCfg = Debug|Any CPU
		{42C1499E-C85A-4204-A37F-AE27D7CA61F4}.Debug|Any CPU.Build.0 = Debug|Any CPU
		{42C1499E-C85A-4204-A37F-AE27D7CA61F4}.Release|Any CPU.ActiveCfg = Release|Any CPU
		{42C1499E-C85A-4204-A37F-AE27D7CA61F4}.Release|Any CPU.Build.0 = Release|Any CPU
		{59D59F62-59C8-4AE4-858D-0830D4C6C32C}.Debug|Any CPU.ActiveCfg = Debug|Any CPU
		{59D59F62-59C8-4AE4-858D-0830D4C6C32C}.Debug|Any CPU.Build.0 = Debug|Any CPU
		{59D59F62-59C8-4AE4-858D-0830D4C6C32C}.Release|Any CPU.ActiveCfg = Release|Any CPU
		{59D59F62-59C8-4AE4-858D-0830D4C6C32C}.Release|Any CPU.Build.0 = Release|Any CPU
		{5A831C55-8C73-45B5-B859-84D79C1C8B88}.Debug|Any CPU.ActiveCfg = Debug|Any CPU
		{5A831C55-8C73-45B5-B859-84D79C1C8B88}.Debug|Any CPU.Build.0 = Debug|Any CPU
		{5A831C55-8C73-45B5-B859-84D79C1C8B88}.Release|Any CPU.ActiveCfg = Release|Any CPU
		{5A831C55-8C73-45B5-B859-84D79C1C8B88}.Release|Any CPU.Build.0 = Release|Any CPU
		{17D1A277-E504-4400-BD12-83733E4DC4F2}.Debug|Any CPU.ActiveCfg = Debug|Any CPU
		{17D1A277-E504-4400-BD12-83733E4DC4F2}.Debug|Any CPU.Build.0 = Debug|Any CPU
		{17D1A277-E504-4400-BD12-83733E4DC4F2}.Release|Any CPU.ActiveCfg = Release|Any CPU
		{17D1A277-E504-4400-BD12-83733E4DC4F2}.Release|Any CPU.Build.0 = Release|Any CPU
		{1A105665-0115-46BB-B693-54BC39279EC4}.Debug|Any CPU.ActiveCfg = Debug|Any CPU
		{1A105665-0115-46BB-B693-54BC39279EC4}.Debug|Any CPU.Build.0 = Debug|Any CPU
		{1A105665-0115-46BB-B693-54BC39279EC4}.Release|Any CPU.ActiveCfg = Release|Any CPU
		{1A105665-0115-46BB-B693-54BC39279EC4}.Release|Any CPU.Build.0 = Release|Any CPU
	EndGlobalSection
	GlobalSection(SolutionProperties) = preSolution
		HideSolutionNode = FALSE
	EndGlobalSection
	GlobalSection(NestedProjects) = preSolution
		{42C1499E-C85A-4204-A37F-AE27D7CA61F4} = {9E116278-3E82-405E-9B0E-CAB0BDB54269}
		{59D59F62-59C8-4AE4-858D-0830D4C6C32C} = {9E116278-3E82-405E-9B0E-CAB0BDB54269}
		{5A831C55-8C73-45B5-B859-84D79C1C8B88} = {3CB012AE-3A53-475A-ACC7-9DEA7409393C}
		{17D1A277-E504-4400-BD12-83733E4DC4F2} = {3CB012AE-3A53-475A-ACC7-9DEA7409393C}
	EndGlobalSection
	GlobalSection(ExtensibilityGlobals) = postSolution
		SolutionGuid = {B476478A-DC6C-42DC-B77E-3702ABF785C1}
	EndGlobalSection
EndGlobal
